
Microsoft Visual Studio Solution File, Format Version 12.00
# Visual Studio 14
VisualStudioVersion = 14.0.23107.0
MinimumVisualStudioVersion = 10.0.40219.1
Project("{FAE04EC0-301F-11D3-BF4B-00C04F79EFBC}") = "RealmDBTest.Droid", "RealmDBTest\RealmDBTest.Droid\RealmDBTest.Droid.csproj", "{12FD3BD6-A0EF-4628-AA55-9013B3FC22FA}"
EndProject
Project("{FAE04EC0-301F-11D3-BF4B-00C04F79EFBC}") = "RealmDBTest.iOS", "RealmDBTest\RealmDBTest.iOS\RealmDBTest.iOS.csproj", "{830B1281-EB97-401E-96EF-DD3A7B61BCA4}"
EndProject
Project("{FAE04EC0-301F-11D3-BF4B-00C04F79EFBC}") = "RealmDBTest.WinPhone", "RealmDBTest\RealmDBTest.WinPhone\RealmDBTest.WinPhone.csproj", "{FB5402D7-39A3-4A3C-89F1-4C4C7DCED2A7}"
EndProject
Project("{FAE04EC0-301F-11D3-BF4B-00C04F79EFBC}") = "RealmDBTest.UWP", "RealmDBTest\RealmDBTest.UWP\RealmDBTest.UWP.csproj", "{C0F66CCE-5092-4E17-925F-E7F495C333F9}"
EndProject
Project("{FAE04EC0-301F-11D3-BF4B-00C04F79EFBC}") = "RealmDBTest.Windows", "RealmDBTest\RealmDBTest.Windows\RealmDBTest.Windows.csproj", "{F7294590-6657-4E0C-AAEF-C6E130380FA9}"
EndProject
Project("{FAE04EC0-301F-11D3-BF4B-00C04F79EFBC}") = "RealmDBTest", "RealmDBTest\RealmDBTest\RealmDBTest.csproj", "{13746F0D-0FDA-4A9C-B9F4-24AD413D92D3}"
EndProject
Global
	GlobalSection(SolutionConfigurationPlatforms) = preSolution
		Ad-Hoc|Any CPU = Ad-Hoc|Any CPU
		Ad-Hoc|ARM = Ad-Hoc|ARM
		Ad-Hoc|iPhone = Ad-Hoc|iPhone
		Ad-Hoc|iPhoneSimulator = Ad-Hoc|iPhoneSimulator
		Ad-Hoc|x64 = Ad-Hoc|x64
		Ad-Hoc|x86 = Ad-Hoc|x86
		AppStore|Any CPU = AppStore|Any CPU
		AppStore|ARM = AppStore|ARM
		AppStore|iPhone = AppStore|iPhone
		AppStore|iPhoneSimulator = AppStore|iPhoneSimulator
		AppStore|x64 = AppStore|x64
		AppStore|x86 = AppStore|x86
		Debug|Any CPU = Debug|Any CPU
		Debug|ARM = Debug|ARM
		Debug|iPhone = Debug|iPhone
		Debug|iPhoneSimulator = Debug|iPhoneSimulator
		Debug|x64 = Debug|x64
		Debug|x86 = Debug|x86
		Release|Any CPU = Release|Any CPU
		Release|ARM = Release|ARM
		Release|iPhone = Release|iPhone
		Release|iPhoneSimulator = Release|iPhoneSimulator
		Release|x64 = Release|x64
		Release|x86 = Release|x86
	EndGlobalSection
	GlobalSection(ProjectConfigurationPlatforms) = postSolution
		{12FD3BD6-A0EF-4628-AA55-9013B3FC22FA}.Ad-Hoc|Any CPU.ActiveCfg = Release|Any CPU
		{12FD3BD6-A0EF-4628-AA55-9013B3FC22FA}.Ad-Hoc|Any CPU.Build.0 = Release|Any CPU
		{12FD3BD6-A0EF-4628-AA55-9013B3FC22FA}.Ad-Hoc|Any CPU.Deploy.0 = Release|Any CPU
		{12FD3BD6-A0EF-4628-AA55-9013B3FC22FA}.Ad-Hoc|ARM.ActiveCfg = Release|Any CPU
		{12FD3BD6-A0EF-4628-AA55-9013B3FC22FA}.Ad-Hoc|ARM.Build.0 = Release|Any CPU
		{12FD3BD6-A0EF-4628-AA55-9013B3FC22FA}.Ad-Hoc|ARM.Deploy.0 = Release|Any CPU
		{12FD3BD6-A0EF-4628-AA55-9013B3FC22FA}.Ad-Hoc|iPhone.ActiveCfg = Release|Any CPU
		{12FD3BD6-A0EF-4628-AA55-9013B3FC22FA}.Ad-Hoc|iPhone.Build.0 = Release|Any CPU
		{12FD3BD6-A0EF-4628-AA55-9013B3FC22FA}.Ad-Hoc|iPhone.Deploy.0 = Release|Any CPU
		{12FD3BD6-A0EF-4628-AA55-9013B3FC22FA}.Ad-Hoc|iPhoneSimulator.ActiveCfg = Release|Any CPU
		{12FD3BD6-A0EF-4628-AA55-9013B3FC22FA}.Ad-Hoc|iPhoneSimulator.Build.0 = Release|Any CPU
		{12FD3BD6-A0EF-4628-AA55-9013B3FC22FA}.Ad-Hoc|iPhoneSimulator.Deploy.0 = Release|Any CPU
		{12FD3BD6-A0EF-4628-AA55-9013B3FC22FA}.Ad-Hoc|x64.ActiveCfg = Release|Any CPU
		{12FD3BD6-A0EF-4628-AA55-9013B3FC22FA}.Ad-Hoc|x64.Build.0 = Release|Any CPU
		{12FD3BD6-A0EF-4628-AA55-9013B3FC22FA}.Ad-Hoc|x64.Deploy.0 = Release|Any CPU
		{12FD3BD6-A0EF-4628-AA55-9013B3FC22FA}.Ad-Hoc|x86.ActiveCfg = Release|Any CPU
		{12FD3BD6-A0EF-4628-AA55-9013B3FC22FA}.Ad-Hoc|x86.Build.0 = Release|Any CPU
		{12FD3BD6-A0EF-4628-AA55-9013B3FC22FA}.Ad-Hoc|x86.Deploy.0 = Release|Any CPU
		{12FD3BD6-A0EF-4628-AA55-9013B3FC22FA}.AppStore|Any CPU.ActiveCfg = Release|Any CPU
		{12FD3BD6-A0EF-4628-AA55-9013B3FC22FA}.AppStore|Any CPU.Build.0 = Release|Any CPU
		{12FD3BD6-A0EF-4628-AA55-9013B3FC22FA}.AppStore|Any CPU.Deploy.0 = Release|Any CPU
		{12FD3BD6-A0EF-4628-AA55-9013B3FC22FA}.AppStore|ARM.ActiveCfg = Release|Any CPU
		{12FD3BD6-A0EF-4628-AA55-9013B3FC22FA}.AppStore|ARM.Build.0 = Release|Any CPU
		{12FD3BD6-A0EF-4628-AA55-9013B3FC22FA}.AppStore|ARM.Deploy.0 = Release|Any CPU
		{12FD3BD6-A0EF-4628-AA55-9013B3FC22FA}.AppStore|iPhone.ActiveCfg = Release|Any CPU
		{12FD3BD6-A0EF-4628-AA55-9013B3FC22FA}.AppStore|iPhone.Build.0 = Release|Any CPU
		{12FD3BD6-A0EF-4628-AA55-9013B3FC22FA}.AppStore|iPhone.Deploy.0 = Release|Any CPU
		{12FD3BD6-A0EF-4628-AA55-9013B3FC22FA}.AppStore|iPhoneSimulator.ActiveCfg = Release|Any CPU
		{12FD3BD6-A0EF-4628-AA55-9013B3FC22FA}.AppStore|iPhoneSimulator.Build.0 = Release|Any CPU
		{12FD3BD6-A0EF-4628-AA55-9013B3FC22FA}.AppStore|iPhoneSimulator.Deploy.0 = Release|Any CPU
		{12FD3BD6-A0EF-4628-AA55-9013B3FC22FA}.AppStore|x64.ActiveCfg = Release|Any CPU
		{12FD3BD6-A0EF-4628-AA55-9013B3FC22FA}.AppStore|x64.Build.0 = Release|Any CPU
		{12FD3BD6-A0EF-4628-AA55-9013B3FC22FA}.AppStore|x64.Deploy.0 = Release|Any CPU
		{12FD3BD6-A0EF-4628-AA55-9013B3FC22FA}.AppStore|x86.ActiveCfg = Release|Any CPU
		{12FD3BD6-A0EF-4628-AA55-9013B3FC22FA}.AppStore|x86.Build.0 = Release|Any CPU
		{12FD3BD6-A0EF-4628-AA55-9013B3FC22FA}.AppStore|x86.Deploy.0 = Release|Any CPU
		{12FD3BD6-A0EF-4628-AA55-9013B3FC22FA}.Debug|Any CPU.ActiveCfg = Debug|Any CPU
		{12FD3BD6-A0EF-4628-AA55-9013B3FC22FA}.Debug|Any CPU.Build.0 = Debug|Any CPU
		{12FD3BD6-A0EF-4628-AA55-9013B3FC22FA}.Debug|Any CPU.Deploy.0 = Debug|Any CPU
		{12FD3BD6-A0EF-4628-AA55-9013B3FC22FA}.Debug|ARM.ActiveCfg = Debug|Any CPU
		{12FD3BD6-A0EF-4628-AA55-9013B3FC22FA}.Debug|ARM.Build.0 = Debug|Any CPU
		{12FD3BD6-A0EF-4628-AA55-9013B3FC22FA}.Debug|ARM.Deploy.0 = Debug|Any CPU
		{12FD3BD6-A0EF-4628-AA55-9013B3FC22FA}.Debug|iPhone.ActiveCfg = Debug|Any CPU
		{12FD3BD6-A0EF-4628-AA55-9013B3FC22FA}.Debug|iPhone.Build.0 = Debug|Any CPU
		{12FD3BD6-A0EF-4628-AA55-9013B3FC22FA}.Debug|iPhone.Deploy.0 = Debug|Any CPU
		{12FD3BD6-A0EF-4628-AA55-9013B3FC22FA}.Debug|iPhoneSimulator.ActiveCfg = Debug|Any CPU
		{12FD3BD6-A0EF-4628-AA55-9013B3FC22FA}.Debug|iPhoneSimulator.Build.0 = Debug|Any CPU
		{12FD3BD6-A0EF-4628-AA55-9013B3FC22FA}.Debug|iPhoneSimulator.Deploy.0 = Debug|Any CPU
		{12FD3BD6-A0EF-4628-AA55-9013B3FC22FA}.Debug|x64.ActiveCfg = Debug|Any CPU
		{12FD3BD6-A0EF-4628-AA55-9013B3FC22FA}.Debug|x64.Build.0 = Debug|Any CPU
		{12FD3BD6-A0EF-4628-AA55-9013B3FC22FA}.Debug|x64.Deploy.0 = Debug|Any CPU
		{12FD3BD6-A0EF-4628-AA55-9013B3FC22FA}.Debug|x86.ActiveCfg = Debug|Any CPU
		{12FD3BD6-A0EF-4628-AA55-9013B3FC22FA}.Debug|x86.Build.0 = Debug|Any CPU
		{12FD3BD6-A0EF-4628-AA55-9013B3FC22FA}.Debug|x86.Deploy.0 = Debug|Any CPU
		{12FD3BD6-A0EF-4628-AA55-9013B3FC22FA}.Release|Any CPU.ActiveCfg = Release|Any CPU
		{12FD3BD6-A0EF-4628-AA55-9013B3FC22FA}.Release|Any CPU.Build.0 = Release|Any CPU
		{12FD3BD6-A0EF-4628-AA55-9013B3FC22FA}.Release|Any CPU.Deploy.0 = Release|Any CPU
		{12FD3BD6-A0EF-4628-AA55-9013B3FC22FA}.Release|ARM.ActiveCfg = Release|Any CPU
		{12FD3BD6-A0EF-4628-AA55-9013B3FC22FA}.Release|ARM.Build.0 = Release|Any CPU
		{12FD3BD6-A0EF-4628-AA55-9013B3FC22FA}.Release|ARM.Deploy.0 = Release|Any CPU
		{12FD3BD6-A0EF-4628-AA55-9013B3FC22FA}.Release|iPhone.ActiveCfg = Release|Any CPU
		{12FD3BD6-A0EF-4628-AA55-9013B3FC22FA}.Release|iPhone.Build.0 = Release|Any CPU
		{12FD3BD6-A0EF-4628-AA55-9013B3FC22FA}.Release|iPhone.Deploy.0 = Release|Any CPU
		{12FD3BD6-A0EF-4628-AA55-9013B3FC22FA}.Release|iPhoneSimulator.ActiveCfg = Release|Any CPU
		{12FD3BD6-A0EF-4628-AA55-9013B3FC22FA}.Release|iPhoneSimulator.Build.0 = Release|Any CPU
		{12FD3BD6-A0EF-4628-AA55-9013B3FC22FA}.Release|iPhoneSimulator.Deploy.0 = Release|Any CPU
		{12FD3BD6-A0EF-4628-AA55-9013B3FC22FA}.Release|x64.ActiveCfg = Release|Any CPU
		{12FD3BD6-A0EF-4628-AA55-9013B3FC22FA}.Release|x64.Build.0 = Release|Any CPU
		{12FD3BD6-A0EF-4628-AA55-9013B3FC22FA}.Release|x64.Deploy.0 = Release|Any CPU
		{12FD3BD6-A0EF-4628-AA55-9013B3FC22FA}.Release|x86.ActiveCfg = Release|Any CPU
		{12FD3BD6-A0EF-4628-AA55-9013B3FC22FA}.Release|x86.Build.0 = Release|Any CPU
		{12FD3BD6-A0EF-4628-AA55-9013B3FC22FA}.Release|x86.Deploy.0 = Release|Any CPU
		{830B1281-EB97-401E-96EF-DD3A7B61BCA4}.Ad-Hoc|Any CPU.ActiveCfg = Ad-Hoc|iPhone
		{830B1281-EB97-401E-96EF-DD3A7B61BCA4}.Ad-Hoc|ARM.ActiveCfg = Ad-Hoc|iPhone
		{830B1281-EB97-401E-96EF-DD3A7B61BCA4}.Ad-Hoc|iPhone.ActiveCfg = Ad-Hoc|iPhone
		{830B1281-EB97-401E-96EF-DD3A7B61BCA4}.Ad-Hoc|iPhone.Build.0 = Ad-Hoc|iPhone
		{830B1281-EB97-401E-96EF-DD3A7B61BCA4}.Ad-Hoc|iPhoneSimulator.ActiveCfg = Ad-Hoc|iPhoneSimulator
		{830B1281-EB97-401E-96EF-DD3A7B61BCA4}.Ad-Hoc|iPhoneSimulator.Build.0 = Ad-Hoc|iPhoneSimulator
		{830B1281-EB97-401E-96EF-DD3A7B61BCA4}.Ad-Hoc|x64.ActiveCfg = Ad-Hoc|iPhone
		{830B1281-EB97-401E-96EF-DD3A7B61BCA4}.Ad-Hoc|x86.ActiveCfg = Ad-Hoc|iPhone
		{830B1281-EB97-401E-96EF-DD3A7B61BCA4}.AppStore|Any CPU.ActiveCfg = AppStore|iPhone
		{830B1281-EB97-401E-96EF-DD3A7B61BCA4}.AppStore|ARM.ActiveCfg = AppStore|iPhone
		{830B1281-EB97-401E-96EF-DD3A7B61BCA4}.AppStore|iPhone.ActiveCfg = AppStore|iPhone
		{830B1281-EB97-401E-96EF-DD3A7B61BCA4}.AppStore|iPhone.Build.0 = AppStore|iPhone
		{830B1281-EB97-401E-96EF-DD3A7B61BCA4}.AppStore|iPhoneSimulator.ActiveCfg = AppStore|iPhoneSimulator
		{830B1281-EB97-401E-96EF-DD3A7B61BCA4}.AppStore|iPhoneSimulator.Build.0 = AppStore|iPhoneSimulator
		{830B1281-EB97-401E-96EF-DD3A7B61BCA4}.AppStore|x64.ActiveCfg = AppStore|iPhone
		{830B1281-EB97-401E-96EF-DD3A7B61BCA4}.AppStore|x86.ActiveCfg = AppStore|iPhone
		{830B1281-EB97-401E-96EF-DD3A7B61BCA4}.Debug|Any CPU.ActiveCfg = Debug|iPhone
		{830B1281-EB97-401E-96EF-DD3A7B61BCA4}.Debug|ARM.ActiveCfg = Debug|iPhone
		{830B1281-EB97-401E-96EF-DD3A7B61BCA4}.Debug|iPhone.ActiveCfg = Debug|iPhone
		{830B1281-EB97-401E-96EF-DD3A7B61BCA4}.Debug|iPhone.Build.0 = Debug|iPhone
		{830B1281-EB97-401E-96EF-DD3A7B61BCA4}.Debug|iPhoneSimulator.ActiveCfg = Debug|iPhoneSimulator
		{830B1281-EB97-401E-96EF-DD3A7B61BCA4}.Debug|iPhoneSimulator.Build.0 = Debug|iPhoneSimulator
		{830B1281-EB97-401E-96EF-DD3A7B61BCA4}.Debug|x64.ActiveCfg = Debug|iPhone
		{830B1281-EB97-401E-96EF-DD3A7B61BCA4}.Debug|x86.ActiveCfg = Debug|iPhone
		{830B1281-EB97-401E-96EF-DD3A7B61BCA4}.Release|Any CPU.ActiveCfg = Release|iPhone
		{830B1281-EB97-401E-96EF-DD3A7B61BCA4}.Release|ARM.ActiveCfg = Release|iPhone
		{830B1281-EB97-401E-96EF-DD3A7B61BCA4}.Release|iPhone.ActiveCfg = Release|iPhone
		{830B1281-EB97-401E-96EF-DD3A7B61BCA4}.Release|iPhone.Build.0 = Release|iPhone
		{830B1281-EB97-401E-96EF-DD3A7B61BCA4}.Release|iPhoneSimulator.ActiveCfg = Release|iPhoneSimulator
		{830B1281-EB97-401E-96EF-DD3A7B61BCA4}.Release|iPhoneSimulator.Build.0 = Release|iPhoneSimulator
		{830B1281-EB97-401E-96EF-DD3A7B61BCA4}.Release|x64.ActiveCfg = Release|iPhone
		{830B1281-EB97-401E-96EF-DD3A7B61BCA4}.Release|x86.ActiveCfg = Release|iPhone
		{FB5402D7-39A3-4A3C-89F1-4C4C7DCED2A7}.Ad-Hoc|Any CPU.ActiveCfg = Release|Any CPU
		{FB5402D7-39A3-4A3C-89F1-4C4C7DCED2A7}.Ad-Hoc|Any CPU.Build.0 = Release|Any CPU
		{FB5402D7-39A3-4A3C-89F1-4C4C7DCED2A7}.Ad-Hoc|Any CPU.Deploy.0 = Release|Any CPU
		{FB5402D7-39A3-4A3C-89F1-4C4C7DCED2A7}.Ad-Hoc|ARM.ActiveCfg = Release|ARM
		{FB5402D7-39A3-4A3C-89F1-4C4C7DCED2A7}.Ad-Hoc|ARM.Build.0 = Release|ARM
		{FB5402D7-39A3-4A3C-89F1-4C4C7DCED2A7}.Ad-Hoc|ARM.Deploy.0 = Release|ARM
		{FB5402D7-39A3-4A3C-89F1-4C4C7DCED2A7}.Ad-Hoc|iPhone.ActiveCfg = Release|Any CPU
		{FB5402D7-39A3-4A3C-89F1-4C4C7DCED2A7}.Ad-Hoc|iPhone.Build.0 = Release|Any CPU
		{FB5402D7-39A3-4A3C-89F1-4C4C7DCED2A7}.Ad-Hoc|iPhone.Deploy.0 = Release|Any CPU
		{FB5402D7-39A3-4A3C-89F1-4C4C7DCED2A7}.Ad-Hoc|iPhoneSimulator.ActiveCfg = Release|Any CPU
		{FB5402D7-39A3-4A3C-89F1-4C4C7DCED2A7}.Ad-Hoc|iPhoneSimulator.Build.0 = Release|Any CPU
		{FB5402D7-39A3-4A3C-89F1-4C4C7DCED2A7}.Ad-Hoc|iPhoneSimulator.Deploy.0 = Release|Any CPU
		{FB5402D7-39A3-4A3C-89F1-4C4C7DCED2A7}.Ad-Hoc|x64.ActiveCfg = Release|Any CPU
		{FB5402D7-39A3-4A3C-89F1-4C4C7DCED2A7}.Ad-Hoc|x64.Build.0 = Release|Any CPU
		{FB5402D7-39A3-4A3C-89F1-4C4C7DCED2A7}.Ad-Hoc|x64.Deploy.0 = Release|Any CPU
		{FB5402D7-39A3-4A3C-89F1-4C4C7DCED2A7}.Ad-Hoc|x86.ActiveCfg = Release|x86
		{FB5402D7-39A3-4A3C-89F1-4C4C7DCED2A7}.Ad-Hoc|x86.Build.0 = Release|x86
		{FB5402D7-39A3-4A3C-89F1-4C4C7DCED2A7}.Ad-Hoc|x86.Deploy.0 = Release|x86
		{FB5402D7-39A3-4A3C-89F1-4C4C7DCED2A7}.AppStore|Any CPU.ActiveCfg = Release|Any CPU
		{FB5402D7-39A3-4A3C-89F1-4C4C7DCED2A7}.AppStore|Any CPU.Build.0 = Release|Any CPU
		{FB5402D7-39A3-4A3C-89F1-4C4C7DCED2A7}.AppStore|Any CPU.Deploy.0 = Release|Any CPU
		{FB5402D7-39A3-4A3C-89F1-4C4C7DCED2A7}.AppStore|ARM.ActiveCfg = Release|ARM
		{FB5402D7-39A3-4A3C-89F1-4C4C7DCED2A7}.AppStore|ARM.Build.0 = Release|ARM
		{FB5402D7-39A3-4A3C-89F1-4C4C7DCED2A7}.AppStore|ARM.Deploy.0 = Release|ARM
		{FB5402D7-39A3-4A3C-89F1-4C4C7DCED2A7}.AppStore|iPhone.ActiveCfg = Release|Any CPU
		{FB5402D7-39A3-4A3C-89F1-4C4C7DCED2A7}.AppStore|iPhone.Build.0 = Release|Any CPU
		{FB5402D7-39A3-4A3C-89F1-4C4C7DCED2A7}.AppStore|iPhone.Deploy.0 = Release|Any CPU
		{FB5402D7-39A3-4A3C-89F1-4C4C7DCED2A7}.AppStore|iPhoneSimulator.ActiveCfg = Release|Any CPU
		{FB5402D7-39A3-4A3C-89F1-4C4C7DCED2A7}.AppStore|iPhoneSimulator.Build.0 = Release|Any CPU
		{FB5402D7-39A3-4A3C-89F1-4C4C7DCED2A7}.AppStore|iPhoneSimulator.Deploy.0 = Release|Any CPU
		{FB5402D7-39A3-4A3C-89F1-4C4C7DCED2A7}.AppStore|x64.ActiveCfg = Release|Any CPU
		{FB5402D7-39A3-4A3C-89F1-4C4C7DCED2A7}.AppStore|x64.Build.0 = Release|Any CPU
		{FB5402D7-39A3-4A3C-89F1-4C4C7DCED2A7}.AppStore|x64.Deploy.0 = Release|Any CPU
		{FB5402D7-39A3-4A3C-89F1-4C4C7DCED2A7}.AppStore|x86.ActiveCfg = Release|x86
		{FB5402D7-39A3-4A3C-89F1-4C4C7DCED2A7}.AppStore|x86.Build.0 = Release|x86
		{FB5402D7-39A3-4A3C-89F1-4C4C7DCED2A7}.AppStore|x86.Deploy.0 = Release|x86
		{FB5402D7-39A3-4A3C-89F1-4C4C7DCED2A7}.Debug|Any CPU.ActiveCfg = Debug|Any CPU
		{FB5402D7-39A3-4A3C-89F1-4C4C7DCED2A7}.Debug|Any CPU.Build.0 = Debug|Any CPU
		{FB5402D7-39A3-4A3C-89F1-4C4C7DCED2A7}.Debug|Any CPU.Deploy.0 = Debug|Any CPU
		{FB5402D7-39A3-4A3C-89F1-4C4C7DCED2A7}.Debug|ARM.ActiveCfg = Debug|ARM
		{FB5402D7-39A3-4A3C-89F1-4C4C7DCED2A7}.Debug|ARM.Build.0 = Debug|ARM
		{FB5402D7-39A3-4A3C-89F1-4C4C7DCED2A7}.Debug|ARM.Deploy.0 = Debug|ARM
		{FB5402D7-39A3-4A3C-89F1-4C4C7DCED2A7}.Debug|iPhone.ActiveCfg = Debug|Any CPU
		{FB5402D7-39A3-4A3C-89F1-4C4C7DCED2A7}.Debug|iPhone.Build.0 = Debug|Any CPU
		{FB5402D7-39A3-4A3C-89F1-4C4C7DCED2A7}.Debug|iPhone.Deploy.0 = Debug|Any CPU
		{FB5402D7-39A3-4A3C-89F1-4C4C7DCED2A7}.Debug|iPhoneSimulator.ActiveCfg = Debug|Any CPU
		{FB5402D7-39A3-4A3C-89F1-4C4C7DCED2A7}.Debug|iPhoneSimulator.Build.0 = Debug|Any CPU
		{FB5402D7-39A3-4A3C-89F1-4C4C7DCED2A7}.Debug|iPhoneSimulator.Deploy.0 = Debug|Any CPU
		{FB5402D7-39A3-4A3C-89F1-4C4C7DCED2A7}.Debug|x64.ActiveCfg = Debug|Any CPU
		{FB5402D7-39A3-4A3C-89F1-4C4C7DCED2A7}.Debug|x64.Build.0 = Debug|Any CPU
		{FB5402D7-39A3-4A3C-89F1-4C4C7DCED2A7}.Debug|x64.Deploy.0 = Debug|Any CPU
		{FB5402D7-39A3-4A3C-89F1-4C4C7DCED2A7}.Debug|x86.ActiveCfg = Debug|x86
		{FB5402D7-39A3-4A3C-89F1-4C4C7DCED2A7}.Debug|x86.Build.0 = Debug|x86
		{FB5402D7-39A3-4A3C-89F1-4C4C7DCED2A7}.Debug|x86.Deploy.0 = Debug|x86
		{FB5402D7-39A3-4A3C-89F1-4C4C7DCED2A7}.Release|Any CPU.ActiveCfg = Release|Any CPU
		{FB5402D7-39A3-4A3C-89F1-4C4C7DCED2A7}.Release|Any CPU.Build.0 = Release|Any CPU
		{FB5402D7-39A3-4A3C-89F1-4C4C7DCED2A7}.Release|Any CPU.Deploy.0 = Release|Any CPU
		{FB5402D7-39A3-4A3C-89F1-4C4C7DCED2A7}.Release|ARM.ActiveCfg = Release|ARM
		{FB5402D7-39A3-4A3C-89F1-4C4C7DCED2A7}.Release|ARM.Build.0 = Release|ARM
		{FB5402D7-39A3-4A3C-89F1-4C4C7DCED2A7}.Release|ARM.Deploy.0 = Release|ARM
		{FB5402D7-39A3-4A3C-89F1-4C4C7DCED2A7}.Release|iPhone.ActiveCfg = Release|Any CPU
		{FB5402D7-39A3-4A3C-89F1-4C4C7DCED2A7}.Release|iPhone.Build.0 = Release|Any CPU
		{FB5402D7-39A3-4A3C-89F1-4C4C7DCED2A7}.Release|iPhone.Deploy.0 = Release|Any CPU
		{FB5402D7-39A3-4A3C-89F1-4C4C7DCED2A7}.Release|iPhoneSimulator.ActiveCfg = Release|Any CPU
		{FB5402D7-39A3-4A3C-89F1-4C4C7DCED2A7}.Release|iPhoneSimulator.Build.0 = Release|Any CPU
		{FB5402D7-39A3-4A3C-89F1-4C4C7DCED2A7}.Release|iPhoneSimulator.Deploy.0 = Release|Any CPU
		{FB5402D7-39A3-4A3C-89F1-4C4C7DCED2A7}.Release|x64.ActiveCfg = Release|Any CPU
		{FB5402D7-39A3-4A3C-89F1-4C4C7DCED2A7}.Release|x64.Build.0 = Release|Any CPU
		{FB5402D7-39A3-4A3C-89F1-4C4C7DCED2A7}.Release|x64.Deploy.0 = Release|Any CPU
		{FB5402D7-39A3-4A3C-89F1-4C4C7DCED2A7}.Release|x86.ActiveCfg = Release|x86
		{FB5402D7-39A3-4A3C-89F1-4C4C7DCED2A7}.Release|x86.Build.0 = Release|x86
		{FB5402D7-39A3-4A3C-89F1-4C4C7DCED2A7}.Release|x86.Deploy.0 = Release|x86
		{C0F66CCE-5092-4E17-925F-E7F495C333F9}.Ad-Hoc|Any CPU.ActiveCfg = Release|x86
		{C0F66CCE-5092-4E17-925F-E7F495C333F9}.Ad-Hoc|Any CPU.Build.0 = Release|x86
		{C0F66CCE-5092-4E17-925F-E7F495C333F9}.Ad-Hoc|Any CPU.Deploy.0 = Release|x86
		{C0F66CCE-5092-4E17-925F-E7F495C333F9}.Ad-Hoc|ARM.ActiveCfg = Release|ARM
		{C0F66CCE-5092-4E17-925F-E7F495C333F9}.Ad-Hoc|ARM.Build.0 = Release|ARM
		{C0F66CCE-5092-4E17-925F-E7F495C333F9}.Ad-Hoc|ARM.Deploy.0 = Release|ARM
		{C0F66CCE-5092-4E17-925F-E7F495C333F9}.Ad-Hoc|iPhone.ActiveCfg = Release|x86
		{C0F66CCE-5092-4E17-925F-E7F495C333F9}.Ad-Hoc|iPhone.Build.0 = Release|x86
		{C0F66CCE-5092-4E17-925F-E7F495C333F9}.Ad-Hoc|iPhone.Deploy.0 = Release|x86
		{C0F66CCE-5092-4E17-925F-E7F495C333F9}.Ad-Hoc|iPhoneSimulator.ActiveCfg = Release|x86
		{C0F66CCE-5092-4E17-925F-E7F495C333F9}.Ad-Hoc|iPhoneSimulator.Build.0 = Release|x86
		{C0F66CCE-5092-4E17-925F-E7F495C333F9}.Ad-Hoc|iPhoneSimulator.Deploy.0 = Release|x86
		{C0F66CCE-5092-4E17-925F-E7F495C333F9}.Ad-Hoc|x64.ActiveCfg = Release|x64
		{C0F66CCE-5092-4E17-925F-E7F495C333F9}.Ad-Hoc|x64.Build.0 = Release|x64
		{C0F66CCE-5092-4E17-925F-E7F495C333F9}.Ad-Hoc|x64.Deploy.0 = Release|x64
		{C0F66CCE-5092-4E17-925F-E7F495C333F9}.Ad-Hoc|x86.ActiveCfg = Release|x86
		{C0F66CCE-5092-4E17-925F-E7F495C333F9}.Ad-Hoc|x86.Build.0 = Release|x86
		{C0F66CCE-5092-4E17-925F-E7F495C333F9}.Ad-Hoc|x86.Deploy.0 = Release|x86
		{C0F66CCE-5092-4E17-925F-E7F495C333F9}.AppStore|Any CPU.ActiveCfg = Release|x86
		{C0F66CCE-5092-4E17-925F-E7F495C333F9}.AppStore|Any CPU.Build.0 = Release|x86
		{C0F66CCE-5092-4E17-925F-E7F495C333F9}.AppStore|Any CPU.Deploy.0 = Release|x86
		{C0F66CCE-5092-4E17-925F-E7F495C333F9}.AppStore|ARM.ActiveCfg = Release|ARM
		{C0F66CCE-5092-4E17-925F-E7F495C333F9}.AppStore|ARM.Build.0 = Release|ARM
		{C0F66CCE-5092-4E17-925F-E7F495C333F9}.AppStore|ARM.Deploy.0 = Release|ARM
		{C0F66CCE-5092-4E17-925F-E7F495C333F9}.AppStore|iPhone.ActiveCfg = Release|x86
		{C0F66CCE-5092-4E17-925F-E7F495C333F9}.AppStore|iPhone.Build.0 = Release|x86
		{C0F66CCE-5092-4E17-925F-E7F495C333F9}.AppStore|iPhone.Deploy.0 = Release|x86
		{C0F66CCE-5092-4E17-925F-E7F495C333F9}.AppStore|iPhoneSimulator.ActiveCfg = Release|x86
		{C0F66CCE-5092-4E17-925F-E7F495C333F9}.AppStore|iPhoneSimulator.Build.0 = Release|x86
		{C0F66CCE-5092-4E17-925F-E7F495C333F9}.AppStore|iPhoneSimulator.Deploy.0 = Release|x86
		{C0F66CCE-5092-4E17-925F-E7F495C333F9}.AppStore|x64.ActiveCfg = Release|x64
		{C0F66CCE-5092-4E17-925F-E7F495C333F9}.AppStore|x64.Build.0 = Release|x64
		{C0F66CCE-5092-4E17-925F-E7F495C333F9}.AppStore|x64.Deploy.0 = Release|x64
		{C0F66CCE-5092-4E17-925F-E7F495C333F9}.AppStore|x86.ActiveCfg = Release|x86
		{C0F66CCE-5092-4E17-925F-E7F495C333F9}.AppStore|x86.Build.0 = Release|x86
		{C0F66CCE-5092-4E17-925F-E7F495C333F9}.AppStore|x86.Deploy.0 = Release|x86
		{C0F66CCE-5092-4E17-925F-E7F495C333F9}.Debug|Any CPU.ActiveCfg = Debug|x86
		{C0F66CCE-5092-4E17-925F-E7F495C333F9}.Debug|ARM.ActiveCfg = Debug|ARM
		{C0F66CCE-5092-4E17-925F-E7F495C333F9}.Debug|ARM.Build.0 = Debug|ARM
		{C0F66CCE-5092-4E17-925F-E7F495C333F9}.Debug|ARM.Deploy.0 = Debug|ARM
		{C0F66CCE-5092-4E17-925F-E7F495C333F9}.Debug|iPhone.ActiveCfg = Debug|x86
		{C0F66CCE-5092-4E17-925F-E7F495C333F9}.Debug|iPhoneSimulator.ActiveCfg = Debug|x86
		{C0F66CCE-5092-4E17-925F-E7F495C333F9}.Debug|x64.ActiveCfg = Debug|x64
		{C0F66CCE-5092-4E17-925F-E7F495C333F9}.Debug|x64.Build.0 = Debug|x64
		{C0F66CCE-5092-4E17-925F-E7F495C333F9}.Debug|x64.Deploy.0 = Debug|x64
		{C0F66CCE-5092-4E17-925F-E7F495C333F9}.Debug|x86.ActiveCfg = Debug|x86
		{C0F66CCE-5092-4E17-925F-E7F495C333F9}.Debug|x86.Build.0 = Debug|x86
		{C0F66CCE-5092-4E17-925F-E7F495C333F9}.Debug|x86.Deploy.0 = Debug|x86
		{C0F66CCE-5092-4E17-925F-E7F495C333F9}.Release|Any CPU.ActiveCfg = Release|x86
		{C0F66CCE-5092-4E17-925F-E7F495C333F9}.Release|ARM.ActiveCfg = Release|ARM
		{C0F66CCE-5092-4E17-925F-E7F495C333F9}.Release|ARM.Build.0 = Release|ARM
		{C0F66CCE-5092-4E17-925F-E7F495C333F9}.Release|ARM.Deploy.0 = Release|ARM
		{C0F66CCE-5092-4E17-925F-E7F495C333F9}.Release|iPhone.ActiveCfg = Release|x86
		{C0F66CCE-5092-4E17-925F-E7F495C333F9}.Release|iPhoneSimulator.ActiveCfg = Release|x86
		{C0F66CCE-5092-4E17-925F-E7F495C333F9}.Release|x64.ActiveCfg = Release|x64
		{C0F66CCE-5092-4E17-925F-E7F495C333F9}.Release|x64.Build.0 = Release|x64
		{C0F66CCE-5092-4E17-925F-E7F495C333F9}.Release|x64.Deploy.0 = Release|x64
		{C0F66CCE-5092-4E17-925F-E7F495C333F9}.Release|x86.ActiveCfg = Release|x86
		{C0F66CCE-5092-4E17-925F-E7F495C333F9}.Release|x86.Build.0 = Release|x86
		{C0F66CCE-5092-4E17-925F-E7F495C333F9}.Release|x86.Deploy.0 = Release|x86
		{F7294590-6657-4E0C-AAEF-C6E130380FA9}.Ad-Hoc|Any CPU.ActiveCfg = Release|Any CPU
		{F7294590-6657-4E0C-AAEF-C6E130380FA9}.Ad-Hoc|Any CPU.Build.0 = Release|Any CPU
		{F7294590-6657-4E0C-AAEF-C6E130380FA9}.Ad-Hoc|Any CPU.Deploy.0 = Release|Any CPU
		{F7294590-6657-4E0C-AAEF-C6E130380FA9}.Ad-Hoc|ARM.ActiveCfg = Release|ARM
		{F7294590-6657-4E0C-AAEF-C6E130380FA9}.Ad-Hoc|ARM.Build.0 = Release|ARM
		{F7294590-6657-4E0C-AAEF-C6E130380FA9}.Ad-Hoc|ARM.Deploy.0 = Release|ARM
		{F7294590-6657-4E0C-AAEF-C6E130380FA9}.Ad-Hoc|iPhone.ActiveCfg = Release|Any CPU
		{F7294590-6657-4E0C-AAEF-C6E130380FA9}.Ad-Hoc|iPhone.Build.0 = Release|Any CPU
		{F7294590-6657-4E0C-AAEF-C6E130380FA9}.Ad-Hoc|iPhone.Deploy.0 = Release|Any CPU
		{F7294590-6657-4E0C-AAEF-C6E130380FA9}.Ad-Hoc|iPhoneSimulator.ActiveCfg = Release|Any CPU
		{F7294590-6657-4E0C-AAEF-C6E130380FA9}.Ad-Hoc|iPhoneSimulator.Build.0 = Release|Any CPU
		{F7294590-6657-4E0C-AAEF-C6E130380FA9}.Ad-Hoc|iPhoneSimulator.Deploy.0 = Release|Any CPU
		{F7294590-6657-4E0C-AAEF-C6E130380FA9}.Ad-Hoc|x64.ActiveCfg = Release|x64
		{F7294590-6657-4E0C-AAEF-C6E130380FA9}.Ad-Hoc|x64.Build.0 = Release|x64
		{F7294590-6657-4E0C-AAEF-C6E130380FA9}.Ad-Hoc|x64.Deploy.0 = Release|x64
		{F7294590-6657-4E0C-AAEF-C6E130380FA9}.Ad-Hoc|x86.ActiveCfg = Release|x86
		{F7294590-6657-4E0C-AAEF-C6E130380FA9}.Ad-Hoc|x86.Build.0 = Release|x86
		{F7294590-6657-4E0C-AAEF-C6E130380FA9}.Ad-Hoc|x86.Deploy.0 = Release|x86
		{F7294590-6657-4E0C-AAEF-C6E130380FA9}.AppStore|Any CPU.ActiveCfg = Release|Any CPU
		{F7294590-6657-4E0C-AAEF-C6E130380FA9}.AppStore|Any CPU.Build.0 = Release|Any CPU
		{F7294590-6657-4E0C-AAEF-C6E130380FA9}.AppStore|Any CPU.Deploy.0 = Release|Any CPU
		{F7294590-6657-4E0C-AAEF-C6E130380FA9}.AppStore|ARM.ActiveCfg = Release|ARM
		{F7294590-6657-4E0C-AAEF-C6E130380FA9}.AppStore|ARM.Build.0 = Release|ARM
		{F7294590-6657-4E0C-AAEF-C6E130380FA9}.AppStore|ARM.Deploy.0 = Release|ARM
		{F7294590-6657-4E0C-AAEF-C6E130380FA9}.AppStore|iPhone.ActiveCfg = Release|Any CPU
		{F7294590-6657-4E0C-AAEF-C6E130380FA9}.AppStore|iPhone.Build.0 = Release|Any CPU
		{F7294590-6657-4E0C-AAEF-C6E130380FA9}.AppStore|iPhone.Deploy.0 = Release|Any CPU
		{F7294590-6657-4E0C-AAEF-C6E130380FA9}.AppStore|iPhoneSimulator.ActiveCfg = Release|Any CPU
		{F7294590-6657-4E0C-AAEF-C6E130380FA9}.AppStore|iPhoneSimulator.Build.0 = Release|Any CPU
		{F7294590-6657-4E0C-AAEF-C6E130380FA9}.AppStore|iPhoneSimulator.Deploy.0 = Release|Any CPU
		{F7294590-6657-4E0C-AAEF-C6E130380FA9}.AppStore|x64.ActiveCfg = Release|x64
		{F7294590-6657-4E0C-AAEF-C6E130380FA9}.AppStore|x64.Build.0 = Release|x64
		{F7294590-6657-4E0C-AAEF-C6E130380FA9}.AppStore|x64.Deploy.0 = Release|x64
		{F7294590-6657-4E0C-AAEF-C6E130380FA9}.AppStore|x86.ActiveCfg = Release|x86
		{F7294590-6657-4E0C-AAEF-C6E130380FA9}.AppStore|x86.Build.0 = Release|x86
		{F7294590-6657-4E0C-AAEF-C6E130380FA9}.AppStore|x86.Deploy.0 = Release|x86
		{F7294590-6657-4E0C-AAEF-C6E130380FA9}.Debug|Any CPU.ActiveCfg = Debug|Any CPU
		{F7294590-6657-4E0C-AAEF-C6E130380FA9}.Debug|Any CPU.Build.0 = Debug|Any CPU
		{F7294590-6657-4E0C-AAEF-C6E130380FA9}.Debug|Any CPU.Deploy.0 = Debug|Any CPU
		{F7294590-6657-4E0C-AAEF-C6E130380FA9}.Debug|ARM.ActiveCfg = Debug|ARM
		{F7294590-6657-4E0C-AAEF-C6E130380FA9}.Debug|ARM.Build.0 = Debug|ARM
		{F7294590-6657-4E0C-AAEF-C6E130380FA9}.Debug|ARM.Deploy.0 = Debug|ARM
		{F7294590-6657-4E0C-AAEF-C6E130380FA9}.Debug|iPhone.ActiveCfg = Debug|Any CPU
		{F7294590-6657-4E0C-AAEF-C6E130380FA9}.Debug|iPhone.Build.0 = Debug|Any CPU
		{F7294590-6657-4E0C-AAEF-C6E130380FA9}.Debug|iPhone.Deploy.0 = Debug|Any CPU
		{F7294590-6657-4E0C-AAEF-C6E130380FA9}.Debug|iPhoneSimulator.ActiveCfg = Debug|Any CPU
		{F7294590-6657-4E0C-AAEF-C6E130380FA9}.Debug|iPhoneSimulator.Build.0 = Debug|Any CPU
		{F7294590-6657-4E0C-AAEF-C6E130380FA9}.Debug|iPhoneSimulator.Deploy.0 = Debug|Any CPU
		{F7294590-6657-4E0C-AAEF-C6E130380FA9}.Debug|x64.ActiveCfg = Debug|x64
		{F7294590-6657-4E0C-AAEF-C6E130380FA9}.Debug|x64.Build.0 = Debug|x64
		{F7294590-6657-4E0C-AAEF-C6E130380FA9}.Debug|x64.Deploy.0 = Debug|x64
		{F7294590-6657-4E0C-AAEF-C6E130380FA9}.Debug|x86.ActiveCfg = Debug|x86
		{F7294590-6657-4E0C-AAEF-C6E130380FA9}.Debug|x86.Build.0 = Debug|x86
		{F7294590-6657-4E0C-AAEF-C6E130380FA9}.Debug|x86.Deploy.0 = Debug|x86
		{F7294590-6657-4E0C-AAEF-C6E130380FA9}.Release|Any CPU.ActiveCfg = Release|Any CPU
		{F7294590-6657-4E0C-AAEF-C6E130380FA9}.Release|Any CPU.Build.0 = Release|Any CPU
		{F7294590-6657-4E0C-AAEF-C6E130380FA9}.Release|Any CPU.Deploy.0 = Release|Any CPU
		{F7294590-6657-4E0C-AAEF-C6E130380FA9}.Release|ARM.ActiveCfg = Release|ARM
		{F7294590-6657-4E0C-AAEF-C6E130380FA9}.Release|ARM.Build.0 = Release|ARM
		{F7294590-6657-4E0C-AAEF-C6E130380FA9}.Release|ARM.Deploy.0 = Release|ARM
		{F7294590-6657-4E0C-AAEF-C6E130380FA9}.Release|iPhone.ActiveCfg = Release|Any CPU
		{F7294590-6657-4E0C-AAEF-C6E130380FA9}.Release|iPhone.Build.0 = Release|Any CPU
		{F7294590-6657-4E0C-AAEF-C6E130380FA9}.Release|iPhone.Deploy.0 = Release|Any CPU
		{F7294590-6657-4E0C-AAEF-C6E130380FA9}.Release|iPhoneSimulator.ActiveCfg = Release|Any CPU
		{F7294590-6657-4E0C-AAEF-C6E130380FA9}.Release|iPhoneSimulator.Build.0 = Release|Any CPU
		{F7294590-6657-4E0C-AAEF-C6E130380FA9}.Release|iPhoneSimulator.Deploy.0 = Release|Any CPU
		{F7294590-6657-4E0C-AAEF-C6E130380FA9}.Release|x64.ActiveCfg = Release|x64
		{F7294590-6657-4E0C-AAEF-C6E130380FA9}.Release|x64.Build.0 = Release|x64
		{F7294590-6657-4E0C-AAEF-C6E130380FA9}.Release|x64.Deploy.0 = Release|x64
		{F7294590-6657-4E0C-AAEF-C6E130380FA9}.Release|x86.ActiveCfg = Release|x86
		{F7294590-6657-4E0C-AAEF-C6E130380FA9}.Release|x86.Build.0 = Release|x86
		{F7294590-6657-4E0C-AAEF-C6E130380FA9}.Release|x86.Deploy.0 = Release|x86
		{13746F0D-0FDA-4A9C-B9F4-24AD413D92D3}.Ad-Hoc|Any CPU.ActiveCfg = Release|Any CPU
		{13746F0D-0FDA-4A9C-B9F4-24AD413D92D3}.Ad-Hoc|Any CPU.Build.0 = Release|Any CPU
		{13746F0D-0FDA-4A9C-B9F4-24AD413D92D3}.Ad-Hoc|ARM.ActiveCfg = Release|Any CPU
		{13746F0D-0FDA-4A9C-B9F4-24AD413D92D3}.Ad-Hoc|ARM.Build.0 = Release|Any CPU
		{13746F0D-0FDA-4A9C-B9F4-24AD413D92D3}.Ad-Hoc|iPhone.ActiveCfg = Release|Any CPU
		{13746F0D-0FDA-4A9C-B9F4-24AD413D92D3}.Ad-Hoc|iPhone.Build.0 = Release|Any CPU
		{13746F0D-0FDA-4A9C-B9F4-24AD413D92D3}.Ad-Hoc|iPhoneSimulator.ActiveCfg = Release|Any CPU
		{13746F0D-0FDA-4A9C-B9F4-24AD413D92D3}.Ad-Hoc|iPhoneSimulator.Build.0 = Release|Any CPU
		{13746F0D-0FDA-4A9C-B9F4-24AD413D92D3}.Ad-Hoc|x64.ActiveCfg = Release|Any CPU
		{13746F0D-0FDA-4A9C-B9F4-24AD413D92D3}.Ad-Hoc|x64.Build.0 = Release|Any CPU
		{13746F0D-0FDA-4A9C-B9F4-24AD413D92D3}.Ad-Hoc|x86.ActiveCfg = Release|Any CPU
		{13746F0D-0FDA-4A9C-B9F4-24AD413D92D3}.Ad-Hoc|x86.Build.0 = Release|Any CPU
		{13746F0D-0FDA-4A9C-B9F4-24AD413D92D3}.AppStore|Any CPU.ActiveCfg = Release|Any CPU
		{13746F0D-0FDA-4A9C-B9F4-24AD413D92D3}.AppStore|Any CPU.Build.0 = Release|Any CPU
		{13746F0D-0FDA-4A9C-B9F4-24AD413D92D3}.AppStore|ARM.ActiveCfg = Release|Any CPU
		{13746F0D-0FDA-4A9C-B9F4-24AD413D92D3}.AppStore|ARM.Build.0 = Release|Any CPU
		{13746F0D-0FDA-4A9C-B9F4-24AD413D92D3}.AppStore|iPhone.ActiveCfg = Release|Any CPU
		{13746F0D-0FDA-4A9C-B9F4-24AD413D92D3}.AppStore|iPhone.Build.0 = Release|Any CPU
		{13746F0D-0FDA-4A9C-B9F4-24AD413D92D3}.AppStore|iPhoneSimulator.ActiveCfg = Release|Any CPU
		{13746F0D-0FDA-4A9C-B9F4-24AD413D92D3}.AppStore|iPhoneSimulator.Build.0 = Release|Any CPU
		{13746F0D-0FDA-4A9C-B9F4-24AD413D92D3}.AppStore|x64.ActiveCfg = Release|Any CPU
		{13746F0D-0FDA-4A9C-B9F4-24AD413D92D3}.AppStore|x64.Build.0 = Release|Any CPU
		{13746F0D-0FDA-4A9C-B9F4-24AD413D92D3}.AppStore|x86.ActiveCfg = Release|Any CPU
		{13746F0D-0FDA-4A9C-B9F4-24AD413D92D3}.AppStore|x86.Build.0 = Release|Any CPU
		{13746F0D-0FDA-4A9C-B9F4-24AD413D92D3}.Debug|Any CPU.ActiveCfg = Debug|Any CPU
		{13746F0D-0FDA-4A9C-B9F4-24AD413D92D3}.Debug|Any CPU.Build.0 = Debug|Any CPU
		{13746F0D-0FDA-4A9C-B9F4-24AD413D92D3}.Debug|ARM.ActiveCfg = Debug|Any CPU
		{13746F0D-0FDA-4A9C-B9F4-24AD413D92D3}.Debug|ARM.Build.0 = Debug|Any CPU
		{13746F0D-0FDA-4A9C-B9F4-24AD413D92D3}.Debug|iPhone.ActiveCfg = Debug|Any CPU
		{13746F0D-0FDA-4A9C-B9F4-24AD413D92D3}.Debug|iPhone.Build.0 = Debug|Any CPU
		{13746F0D-0FDA-4A9C-B9F4-24AD413D92D3}.Debug|iPhoneSimulator.ActiveCfg = Debug|Any CPU
		{13746F0D-0FDA-4A9C-B9F4-24AD413D92D3}.Debug|iPhoneSimulator.Build.0 = Debug|Any CPU
		{13746F0D-0FDA-4A9C-B9F4-24AD413D92D3}.Debug|x64.ActiveCfg = Debug|Any CPU
		{13746F0D-0FDA-4A9C-B9F4-24AD413D92D3}.Debug|x64.Build.0 = Debug|Any CPU
		{13746F0D-0FDA-4A9C-B9F4-24AD413D92D3}.Debug|x86.ActiveCfg = Debug|Any CPU
		{13746F0D-0FDA-4A9C-B9F4-24AD413D92D3}.Debug|x86.Build.0 = Debug|Any CPU
		{13746F0D-0FDA-4A9C-B9F4-24AD413D92D3}.Release|Any CPU.ActiveCfg = Release|Any CPU
		{13746F0D-0FDA-4A9C-B9F4-24AD413D92D3}.Release|Any CPU.Build.0 = Release|Any CPU
		{13746F0D-0FDA-4A9C-B9F4-24AD413D92D3}.Release|ARM.ActiveCfg = Release|Any CPU
		{13746F0D-0FDA-4A9C-B9F4-24AD413D92D3}.Release|ARM.Build.0 = Release|Any CPU
		{13746F0D-0FDA-4A9C-B9F4-24AD413D92D3}.Release|iPhone.ActiveCfg = Release|Any CPU
		{13746F0D-0FDA-4A9C-B9F4-24AD413D92D3}.Release|iPhone.Build.0 = Release|Any CPU
		{13746F0D-0FDA-4A9C-B9F4-24AD413D92D3}.Release|iPhoneSimulator.ActiveCfg = Release|Any CPU
		{13746F0D-0FDA-4A9C-B9F4-24AD413D92D3}.Release|iPhoneSimulator.Build.0 = Release|Any CPU
		{13746F0D-0FDA-4A9C-B9F4-24AD413D92D3}.Release|x64.ActiveCfg = Release|Any CPU
		{13746F0D-0FDA-4A9C-B9F4-24AD413D92D3}.Release|x64.Build.0 = Release|Any CPU
		{13746F0D-0FDA-4A9C-B9F4-24AD413D92D3}.Release|x86.ActiveCfg = Release|Any CPU
		{13746F0D-0FDA-4A9C-B9F4-24AD413D92D3}.Release|x86.Build.0 = Release|Any CPU
	EndGlobalSection
	GlobalSection(SolutionProperties) = preSolution
		HideSolutionNode = FALSE
	EndGlobalSection
EndGlobal
